PODS:
  - ExpandableTableViewController (1.0)

DEPENDENCIES:
  - ExpandableTableViewController (from `../`)

EXTERNAL SOURCES:
  ExpandableTableViewController:
    :path: ../

SPEC CHECKSUMS:
  ExpandableTableViewController: 612ddf917d60ca671473af593a8d7cdd554b071e

PODFILE CHECKSUM: 182f932c545c98f34f7fa888836f035774e1576a

COCOAPODS: 1.0.1
