// !$*UTF8*$!
{
	archiveVersion = 1;
	classes = {
	};
	objectVersion = 46;
	objects = {

/* Begin PBXBuildFile section */
		3FE1BD891B8C385D003205FB /* AppDelegate.swift in Sources */ = {isa = PBXBuildFile; fileRef = 3FE1BD881B8C385D003205FB /* AppDelegate.swift */; };
		3FE1BD8E1B8C385D003205FB /* Main.storyboard in Resources */ = {isa = PBXBuildFile; fileRef = 3FE1BD8C1B8C385D003205FB /* Main.storyboard */; };
		3FE1BD901B8C385D003205FB /* Images.xcassets in Resources */ = {isa = PBXBuildFile; fileRef = 3FE1BD8F1B8C385D003205FB /* Images.xcassets */; };
		3FE1BD931B8C385D003205FB /* LaunchScreen.xib in Resources */ = {isa = PBXBuildFile; fileRef = 3FE1BD911B8C385D003205FB /* LaunchScreen.xib */; };
		3FE1BD9F1B8C385D003205FB /* DemoExpandableTableViewControllerTests.swift in Sources */ = {isa = PBXBuildFile; fileRef = 3FE1BD9E1B8C385D003205FB /* DemoExpandableTableViewControllerTests.swift */; };
		3FE1BDAC1B8C395E003205FB /* DemoTableViewController.swift in Sources */ = {isa = PBXBuildFile; fileRef = 3FE1BDA91B8C395E003205FB /* DemoTableViewController.swift */; };
		3FE1BDBB1B8C788F003205FB /* ArrayExtension.swift in Sources */ = {isa = PBXBuildFile; fileRef = 3FE1BDB71B8C788F003205FB /* ArrayExtension.swift */; };
		3FE1BDBC1B8C788F003205FB /* ExpandableTableViewController.swift in Sources */ = {isa = PBXBuildFile; fileRef = 3FE1BDB81B8C788F003205FB /* ExpandableTableViewController.swift */; };
		3FE1BDBD1B8C788F003205FB /* ExpandableTableViewDatasource.swift in Sources */ = {isa = PBXBuildFile; fileRef = 3FE1BDB91B8C788F003205FB /* ExpandableTableViewDatasource.swift */; };
		3FE1BDBE1B8C788F003205FB /* ExpandableTableViewDelegate.swift in Sources */ = {isa = PBXBuildFile; fileRef = 3FE1BDBA1B8C788F003205FB /* ExpandableTableViewDelegate.swift */; };
		3FE1BDC41B8C84E7003205FB /* TitleTableViewCell.swift in Sources */ = {isa = PBXBuildFile; fileRef = 3FE1BDC31B8C84E7003205FB /* TitleTableViewCell.swift */; };
		3FE1BDC61B8C84F8003205FB /* DescriptionTableViewCell.swift in Sources */ = {isa = PBXBuildFile; fileRef = 3FE1BDC51B8C84F8003205FB /* DescriptionTableViewCell.swift */; };
		3FE1BDC81B8C8508003205FB /* DatePickerTableViewCell.swift in Sources */ = {isa = PBXBuildFile; fileRef = 3FE1BDC71B8C8508003205FB /* DatePickerTableViewCell.swift */; };
		3FE1BDCA1B8C852E003205FB /* CommonTableViewCell.swift in Sources */ = {isa = PBXBuildFile; fileRef = 3FE1BDC91B8C852E003205FB /* CommonTableViewCell.swift */; };
		3FE1BDCC1B8C8E7A003205FB /* BirthdateTableViewCell.swift in Sources */ = {isa = PBXBuildFile; fileRef = 3FE1BDCB1B8C8E7A003205FB /* BirthdateTableViewCell.swift */; };
		3FE1BDCE1B8C961E003205FB /* ListTableViewCell.swift in Sources */ = {isa = PBXBuildFile; fileRef = 3FE1BDCD1B8C961E003205FB /* ListTableViewCell.swift */; };
/* End PBXBuildFile section */

/* Begin PBXContainerItemProxy section */
		3FE1BD991B8C385D003205FB /* PBXContainerItemProxy */ = {
			isa = PBXContainerItemProxy;
			containerPortal = 3FE1BD7B1B8C385D003205FB /* Project object */;
			proxyType = 1;
			remoteGlobalIDString = 3FE1BD821B8C385D003205FB;
			remoteInfo = DemoExpandableTableViewController;
		};
/* End PBXContainerItemProxy section */

/* Begin PBXFileReference section */
		3FE1BD831B8C385D003205FB /* DemoExpandableTableViewController.app */ = {isa = PBXFileReference; explicitFileType = wrapper.application; includeInIndex = 0; path = DemoExpandableTableViewController.app; sourceTree = BUILT_PRODUCTS_DIR; };
		3FE1BD871B8C385D003205FB /* Info.plist */ = {isa = PBXFileReference; lastKnownFileType = text.plist.xml; path = Info.plist; sourceTree = "<group>"; };
		3FE1BD881B8C385D003205FB /* AppDelegate.swift */ = {isa = PBXFileReference; lastKnownFileType = sourcecode.swift; path = AppDelegate.swift; sourceTree = "<group>"; };
		3FE1BD8D1B8C385D003205FB /* Base */ = {isa = PBXFileReference; lastKnownFileType = file.storyboard; name = Base; path = Base.lproj/Main.storyboard; sourceTree = "<group>"; };
		3FE1BD8F1B8C385D003205FB /* Images.xcassets */ = {isa = PBXFileReference; lastKnownFileType = folder.assetcatalog; path = Images.xcassets; sourceTree = "<group>"; };
		3FE1BD921B8C385D003205FB /* Base */ = {isa = PBXFileReference; lastKnownFileType = file.xib; name = Base; path = Base.lproj/LaunchScreen.xib; sourceTree = "<group>"; };
		3FE1BD981B8C385D003205FB /* DemoExpandableTableViewControllerTests.xctest */ = {isa = PBXFileReference; explicitFileType = wrapper.cfbundle; includeInIndex = 0; path = DemoExpandableTableViewControllerTests.xctest; sourceTree = BUILT_PRODUCTS_DIR; };
		3FE1BD9D1B8C385D003205FB /* Info.plist */ = {isa = PBXFileReference; lastKnownFileType = text.plist.xml; path = Info.plist; sourceTree = "<group>"; };
		3FE1BD9E1B8C385D003205FB /* DemoExpandableTableViewControllerTests.swift */ = {isa = PBXFileReference; lastKnownFileType = sourcecode.swift; path = DemoExpandableTableViewControllerTests.swift; sourceTree = "<group>"; };
		3FE1BDA91B8C395E003205FB /* DemoTableViewController.swift */ = {isa = PBXFileReference; fileEncoding = 4; lastKnownFileType = sourcecode.swift; path = DemoTableViewController.swift; sourceTree = "<group>"; };
		3FE1BDB71B8C788F003205FB /* ArrayExtension.swift */ = {isa = PBXFileReference; fileEncoding = 4; lastKnownFileType = sourcecode.swift; path = ArrayExtension.swift; sourceTree = "<group>"; };
		3FE1BDB81B8C788F003205FB /* ExpandableTableViewController.swift */ = {isa = PBXFileReference; fileEncoding = 4; lastKnownFileType = sourcecode.swift; path = ExpandableTableViewController.swift; sourceTree = "<group>"; };
		3FE1BDB91B8C788F003205FB /* ExpandableTableViewDatasource.swift */ = {isa = PBXFileReference; fileEncoding = 4; lastKnownFileType = sourcecode.swift; path = ExpandableTableViewDatasource.swift; sourceTree = "<group>"; };
		3FE1BDBA1B8C788F003205FB /* ExpandableTableViewDelegate.swift */ = {isa = PBXFileReference; fileEncoding = 4; lastKnownFileType = sourcecode.swift; path = ExpandableTableViewDelegate.swift; sourceTree = "<group>"; };
		3FE1BDC31B8C84E7003205FB /* TitleTableViewCell.swift */ = {isa = PBXFileReference; fileEncoding = 4; lastKnownFileType = sourcecode.swift; path = TitleTableViewCell.swift; sourceTree = "<group>"; };
		3FE1BDC51B8C84F8003205FB /* DescriptionTableViewCell.swift */ = {isa = PBXFileReference; fileEncoding = 4; lastKnownFileType = sourcecode.swift; path = DescriptionTableViewCell.swift; sourceTree = "<group>"; };
		3FE1BDC71B8C8508003205FB /* DatePickerTableViewCell.swift */ = {isa = PBXFileReference; fileEncoding = 4; lastKnownFileType = sourcecode.swift; path = DatePickerTableViewCell.swift; sourceTree = "<group>"; };
		3FE1BDC91B8C852E003205FB /* CommonTableViewCell.swift */ = {isa = PBXFileReference; fileEncoding = 4; lastKnownFileType = sourcecode.swift; path = CommonTableViewCell.swift; sourceTree = "<group>"; };
		3FE1BDCB1B8C8E7A003205FB /* BirthdateTableViewCell.swift */ = {isa = PBXFileReference; fileEncoding = 4; lastKnownFileType = sourcecode.swift; path = BirthdateTableViewCell.swift; sourceTree = "<group>"; };
		3FE1BDCD1B8C961E003205FB /* ListTableViewCell.swift */ = {isa = PBXFileReference; fileEncoding = 4; lastKnownFileType = sourcecode.swift; path = ListTableViewCell.swift; sourceTree = "<group>"; };
/* End PBXFileReference section */

/* Begin PBXFrameworksBuildPhase section */
		3FE1BD801B8C385D003205FB /* Frameworks */ = {
			isa = PBXFrameworksBuildPhase;
			buildActionMask = 2147483647;
			files = (
			);
			runOnlyForDeploymentPostprocessing = 0;
		};
		3FE1BD951B8C385D003205FB /* Frameworks */ = {
			isa = PBXFrameworksBuildPhase;
			buildActionMask = 2147483647;
			files = (
			);
			runOnlyForDeploymentPostprocessing = 0;
		};
/* End PBXFrameworksBuildPhase section */

/* Begin PBXGroup section */
		3FE1BD7A1B8C385D003205FB = {
			isa = PBXGroup;
			children = (
				3FE1BD851B8C385D003205FB /* DemoExpandableTableViewController */,
				3FE1BD9B1B8C385D003205FB /* DemoExpandableTableViewControllerTests */,
				3FE1BD841B8C385D003205FB /* Products */,
			);
			sourceTree = "<group>";
		};
		3FE1BD841B8C385D003205FB /* Products */ = {
			isa = PBXGroup;
			children = (
				3FE1BD831B8C385D003205FB /* DemoExpandableTableViewController.app */,
				3FE1BD981B8C385D003205FB /* DemoExpandableTableViewControllerTests.xctest */,
			);
			name = Products;
			sourceTree = "<group>";
		};
		3FE1BD851B8C385D003205FB /* DemoExpandableTableViewController */ = {
			isa = PBXGroup;
			children = (
				3FE1BDB61B8C788F003205FB /* ExpandableTableViewController */,
				3FE1BD881B8C385D003205FB /* AppDelegate.swift */,
				3FE1BDA91B8C395E003205FB /* DemoTableViewController.swift */,
				3FE1BDC21B8C84D8003205FB /* DemoCells */,
				3FE1BD8C1B8C385D003205FB /* Main.storyboard */,
				3FE1BD8F1B8C385D003205FB /* Images.xcassets */,
				3FE1BD911B8C385D003205FB /* LaunchScreen.xib */,
				3FE1BD861B8C385D003205FB /* Supporting Files */,
			);
			path = DemoExpandableTableViewController;
			sourceTree = "<group>";
		};
		3FE1BD861B8C385D003205FB /* Supporting Files */ = {
			isa = PBXGroup;
			children = (
				3FE1BD871B8C385D003205FB /* Info.plist */,
			);
			name = "Supporting Files";
			sourceTree = "<group>";
		};
		3FE1BD9B1B8C385D003205FB /* DemoExpandableTableViewControllerTests */ = {
			isa = PBXGroup;
			children = (
				3FE1BD9E1B8C385D003205FB /* DemoExpandableTableViewControllerTests.swift */,
				3FE1BD9C1B8C385D003205FB /* Supporting Files */,
			);
			path = DemoExpandableTableViewControllerTests;
			sourceTree = "<group>";
		};
		3FE1BD9C1B8C385D003205FB /* Supporting Files */ = {
			isa = PBXGroup;
			children = (
				3FE1BD9D1B8C385D003205FB /* Info.plist */,
			);
			name = "Supporting Files";
			sourceTree = "<group>";
		};
		3FE1BDB61B8C788F003205FB /* ExpandableTableViewController */ = {
			isa = PBXGroup;
			children = (
				3FE1BDB71B8C788F003205FB /* ArrayExtension.swift */,
				3FE1BDB81B8C788F003205FB /* ExpandableTableViewController.swift */,
				3FE1BDB91B8C788F003205FB /* ExpandableTableViewDatasource.swift */,
				3FE1BDBA1B8C788F003205FB /* ExpandableTableViewDelegate.swift */,
			);
			path = ExpandableTableViewController;
			sourceTree = "<group>";
		};
		3FE1BDC21B8C84D8003205FB /* DemoCells */ = {
			isa = PBXGroup;
			children = (
				3FE1BDC91B8C852E003205FB /* CommonTableViewCell.swift */,
				3FE1BDC31B8C84E7003205FB /* TitleTableViewCell.swift */,
				3FE1BDCB1B8C8E7A003205FB /* BirthdateTableViewCell.swift */,
				3FE1BDC51B8C84F8003205FB /* DescriptionTableViewCell.swift */,
				3FE1BDC71B8C8508003205FB /* DatePickerTableViewCell.swift */,
				3FE1BDCD1B8C961E003205FB /* ListTableViewCell.swift */,
			);
			path = DemoCells;
			sourceTree = "<group>";
		};
/* End PBXGroup section */

/* Begin PBXNativeTarget section */
		3FE1BD821B8C385D003205FB /* DemoExpandableTableViewController */ = {
			isa = PBXNativeTarget;
			buildConfigurationList = 3FE1BDA21B8C385D003205FB /* Build configuration list for PBXNativeTarget "DemoExpandableTableViewController" */;
			buildPhases = (
				3FE1BD7F1B8C385D003205FB /* Sources */,
				3FE1BD801B8C385D003205FB /* Frameworks */,
				3FE1BD811B8C385D003205FB /* Resources */,
			);
			buildRules = (
			);
			dependencies = (
			);
			name = DemoExpandableTableViewController;
			productName = DemoExpandableTableViewController;
			productReference = 3FE1BD831B8C385D003205FB /* DemoExpandableTableViewController.app */;
			productType = "com.apple.product-type.application";
		};
		3FE1BD971B8C385D003205FB /* DemoExpandableTableViewControllerTests */ = {
			isa = PBXNativeTarget;
			buildConfigurationList = 3FE1BDA51B8C385D003205FB /* Build configuration list for PBXNativeTarget "DemoExpandableTableViewControllerTests" */;
			buildPhases = (
				3FE1BD941B8C385D003205FB /* Sources */,
				3FE1BD951B8C385D003205FB /* Frameworks */,
				3FE1BD961B8C385D003205FB /* Resources */,
			);
			buildRules = (
			);
			dependencies = (
				3FE1BD9A1B8C385D003205FB /* PBXTargetDependency */,
			);
			name = DemoExpandableTableViewControllerTests;
			productName = DemoExpandableTableViewControllerTests;
			productReference = 3FE1BD981B8C385D003205FB /* DemoExpandableTableViewControllerTests.xctest */;
			productType = "com.apple.product-type.bundle.unit-test";
		};
/* End PBXNativeTarget section */

/* Begin PBXProject section */
		3FE1BD7B1B8C385D003205FB /* Project object */ = {
			isa = PBXProject;
			attributes = {
				LastUpgradeCheck = 0640;
				ORGANIZATIONNAME = "Enric Macias Lopez";
				TargetAttributes = {
					3FE1BD821B8C385D003205FB = {
						CreatedOnToolsVersion = 6.4;
					};
					3FE1BD971B8C385D003205FB = {
						CreatedOnToolsVersion = 6.4;
						TestTargetID = 3FE1BD821B8C385D003205FB;
					};
				};
			};
			buildConfigurationList = 3FE1BD7E1B8C385D003205FB /* Build configuration list for PBXProject "DemoExpandableTableViewController" */;
			compatibilityVersion = "Xcode 3.2";
			developmentRegion = English;
			hasScannedForEncodings = 0;
			knownRegions = (
				en,
				Base,
			);
			mainGroup = 3FE1BD7A1B8C385D003205FB;
			productRefGroup = 3FE1BD841B8C385D003205FB /* Products */;
			projectDirPath = "";
			projectRoot = "";
			targets = (
				3FE1BD821B8C385D003205FB /* DemoExpandableTableViewController */,
				3FE1BD971B8C385D003205FB /* DemoExpandableTableViewControllerTests */,
			);
		};
/* End PBXProject section */

/* Begin PBXResourcesBuildPhase section */
		3FE1BD811B8C385D003205FB /* Resources */ = {
			isa = PBXResourcesBuildPhase;
			buildActionMask = 2147483647;
			files = (
				3FE1BD8E1B8C385D003205FB /* Main.storyboard in Resources */,
				3FE1BD931B8C385D003205FB /* LaunchScreen.xib in Resources */,
				3FE1BD901B8C385D003205FB /* Images.xcassets in Resources */,
			);
			runOnlyForDeploymentPostprocessing = 0;
		};
		3FE1BD961B8C385D003205FB /* Resources */ = {
			isa = PBXResourcesBuildPhase;
			buildActionMask = 2147483647;
			files = (
			);
			runOnlyForDeploymentPostprocessing = 0;
		};
/* End PBXResourcesBuildPhase section */

/* Begin PBXSourcesBuildPhase section */
		3FE1BD7F1B8C385D003205FB /* Sources */ = {
			isa = PBXSourcesBuildPhase;
			buildActionMask = 2147483647;
			files = (
				3FE1BDC61B8C84F8003205FB /* DescriptionTableViewCell.swift in Sources */,
				3FE1BDC41B8C84E7003205FB /* TitleTableViewCell.swift in Sources */,
				3FE1BDBE1B8C788F003205FB /* ExpandableTableViewDelegate.swift in Sources */,
				3FE1BDCC1B8C8E7A003205FB /* BirthdateTableViewCell.swift in Sources */,
				3FE1BDBB1B8C788F003205FB /* ArrayExtension.swift in Sources */,
				3FE1BDCE1B8C961E003205FB /* ListTableViewCell.swift in Sources */,
				3FE1BDCA1B8C852E003205FB /* CommonTableViewCell.swift in Sources */,
				3FE1BDBC1B8C788F003205FB /* ExpandableTableViewController.swift in Sources */,
				3FE1BD891B8C385D003205FB /* AppDelegate.swift in Sources */,
				3FE1BDAC1B8C395E003205FB /* DemoTableViewController.swift in Sources */,
				3FE1BDBD1B8C788F003205FB /* ExpandableTableViewDatasource.swift in Sources */,
				3FE1BDC81B8C8508003205FB /* DatePickerTableViewCell.swift in Sources */,
			);
			runOnlyForDeploymentPostprocessing = 0;
		};
		3FE1BD941B8C385D003205FB /* Sources */ = {
			isa = PBXSourcesBuildPhase;
			buildActionMask = 2147483647;
			files = (
				3FE1BD9F1B8C385D003205FB /* DemoExpandableTableViewControllerTests.swift in Sources */,
			);
			runOnlyForDeploymentPostprocessing = 0;
		};
/* End PBXSourcesBuildPhase section */

/* Begin PBXTargetDependency section */
		3FE1BD9A1B8C385D003205FB /* PBXTargetDependency */ = {
			isa = PBXTargetDependency;
			target = 3FE1BD821B8C385D003205FB /* DemoExpandableTableViewController */;
			targetProxy = 3FE1BD991B8C385D003205FB /* PBXContainerItemProxy */;
		};
/* End PBXTargetDependency section */

/* Begin PBXVariantGroup section */
		3FE1BD8C1B8C385D003205FB /* Main.storyboard */ = {
			isa = PBXVariantGroup;
			children = (
				3FE1BD8D1B8C385D003205FB /* Base */,
			);
			name = Main.storyboard;
			sourceTree = "<group>";
		};
		3FE1BD911B8C385D003205FB /* LaunchScreen.xib */ = {
			isa = PBXVariantGroup;
			children = (
				3FE1BD921B8C385D003205FB /* Base */,
			);
			name = LaunchScreen.xib;
			sourceTree = "<group>";
		};
/* End PBXVariantGroup section */

/* Begin XCBuildConfiguration section */
		3FE1BDA01B8C385D003205FB /* Debug */ = {
			isa = XCBuildConfiguration;
			buildSettings = {
				ALWAYS_SEARCH_USER_PATHS = NO;
				CLANG_CXX_LANGUAGE_STANDARD = "gnu++0x";
				CLANG_CXX_LIBRARY = "libc++";
				CLANG_ENABLE_MODULES = YES;
				CLANG_ENABLE_OBJC_ARC = YES;
				CLANG_WARN_BOOL_CONVERSION = YES;
				CLANG_WARN_CONSTANT_CONVERSION = YES;
				CLANG_WARN_DIRECT_OBJC_ISA_USAGE = YES_ERROR;
				CLANG_WARN_EMPTY_BODY = YES;
				CLANG_WARN_ENUM_CONVERSION = YES;
				CLANG_WARN_INT_CONVERSION = YES;
				CLANG_WARN_OBJC_ROOT_CLASS = YES_ERROR;
				CLANG_WARN_UNREACHABLE_CODE = YES;
				CLANG_WARN__DUPLICATE_METHOD_MATCH = YES;
				"CODE_SIGN_IDENTITY[sdk=iphoneos*]" = "iPhone Developer";
				COPY_PHASE_STRIP = NO;
				DEBUG_INFORMATION_FORMAT = "dwarf-with-dsym";
				ENABLE_STRICT_OBJC_MSGSEND = YES;
				GCC_C_LANGUAGE_STANDARD = gnu99;
				GCC_DYNAMIC_NO_PIC = NO;
				GCC_NO_COMMON_BLOCKS = YES;
				GCC_OPTIMIZATION_LEVEL = 0;
				GCC_PREPROCESSOR_DEFINITIONS = (
					"DEBUG=1",
					"$(inherited)",
				);
				GCC_SYMBOLS_PRIVATE_EXTERN = NO;
				GCC_WARN_64_TO_32_BIT_CONVERSION = YES;
				GCC_WARN_ABOUT_RETURN_TYPE = YES_ERROR;
				GCC_WARN_UNDECLARED_SELECTOR = YES;
				GCC_WARN_UNINITIALIZED_AUTOS = YES_AGGRESSIVE;
				GCC_WARN_UNUSED_FUNCTION = YES;
				GCC_WARN_UNUSED_VARIABLE = YES;
				IPHONEOS_DEPLOYMENT_TARGET = 8.0;
				MTL_ENABLE_DEBUG_INFO = YES;
				ONLY_ACTIVE_ARCH = YES;
				SDKROOT = iphoneos;
				SWIFT_OPTIMIZATION_LEVEL = "-Onone";
			};
			name = Debug;
		};
		3FE1BDA11B8C385D003205FB /* Release */ = {
			isa = XCBuildConfiguration;
			buildSettings = {
				ALWAYS_SEARCH_USER_PATHS = NO;
				CLANG_CXX_LANGUAGE_STANDARD = "gnu++0x";
				CLANG_CXX_LIBRARY = "libc++";
				CLANG_ENABLE_MODULES = YES;
				CLANG_ENABLE_OBJC_ARC = YES;
				CLANG_WARN_BOOL_CONVERSION = YES;
				CLANG_WARN_CONSTANT_CONVERSION = YES;
				CLANG_WARN_DIRECT_OBJC_ISA_USAGE = YES_ERROR;
				CLANG_WARN_EMPTY_BODY = YES;
				CLANG_WARN_ENUM_CONVERSION = YES;
				CLANG_WARN_INT_CONVERSION = YES;
				CLANG_WARN_OBJC_ROOT_CLASS = YES_ERROR;
				CLANG_WARN_UNREACHABLE_CODE = YES;
				CLANG_WARN__DUPLICATE_METHOD_MATCH = YES;
				"CODE_SIGN_IDENTITY[sdk=iphoneos*]" = "iPhone Developer";
				COPY_PHASE_STRIP = NO;
				DEBUG_INFORMATION_FORMAT = "dwarf-with-dsym";
				ENABLE_NS_ASSERTIONS = NO;
				ENABLE_STRICT_OBJC_MSGSEND = YES;
				GCC_C_LANGUAGE_STANDARD = gnu99;
				GCC_NO_COMMON_BLOCKS = YES;
				GCC_WARN_64_TO_32_BIT_CONVERSION = YES;
				GCC_WARN_ABOUT_RETURN_TYPE = YES_ERROR;
				GCC_WARN_UNDECLARED_SELECTOR = YES;
				GCC_WARN_UNINITIALIZED_AUTOS = YES_AGGRESSIVE;
				GCC_WARN_UNUSED_FUNCTION = YES;
				GCC_WARN_UNUSED_VARIABLE = YES;
				IPHONEOS_DEPLOYMENT_TARGET = 8.0;
				MTL_ENABLE_DEBUG_INFO = NO;
				SDKROOT = iphoneos;
				VALIDATE_PRODUCT = YES;
			};
			name = Release;
		};
		3FE1BDA31B8C385D003205FB /* Debug */ = {
			isa = XCBuildConfiguration;
			buildSettings = {
				ASSETCATALOG_COMPILER_APPICON_NAME = AppIcon;
				INFOPLIST_FILE = DemoExpandableTableViewController/Info.plist;
				LD_RUNPATH_SEARCH_PATHS = "$(inherited) @executable_path/Frameworks";
				PRODUCT_NAME = "$(TARGET_NAME)";
			};
			name = Debug;
		};
		3FE1BDA41B8C385D003205FB /* Release */ = {
			isa = XCBuildConfiguration;
			buildSettings = {
				ASSETCATALOG_COMPILER_APPICON_NAME = AppIcon;
				INFOPLIST_FILE = DemoExpandableTableViewController/Info.plist;
				LD_RUNPATH_SEARCH_PATHS = "$(inherited) @executable_path/Frameworks";
				PRODUCT_NAME = "$(TARGET_NAME)";
			};
			name = Release;
		};
		3FE1BDA61B8C385D003205FB /* Debug */ = {
			isa = XCBuildConfiguration;
			buildSettings = {
				BUNDLE_LOADER = "$(TEST_HOST)";
				FRAMEWORK_SEARCH_PATHS = (
					"$(SDKROOT)/Developer/Library/Frameworks",
					"$(inherited)",
				);
				GCC_PREPROCESSOR_DEFINITIONS = (
					"DEBUG=1",
					"$(inherited)",
				);
				INFOPLIST_FILE = DemoExpandableTableViewControllerTests/Info.plist;
				LD_RUNPATH_SEARCH_PATHS = "$(inherited) @executable_path/Frameworks @loader_path/Frameworks";
				PRODUCT_NAME = "$(TARGET_NAME)";
				TEST_HOST = "$(BUILT_PRODUCTS_DIR)/DemoExpandableTableViewController.app/DemoExpandableTableViewController";
			};
			name = Debug;
		};
		3FE1BDA71B8C385D003205FB /* Release */ = {
			isa = XCBuildConfiguration;
			buildSettings = {
				BUNDLE_LOADER = "$(TEST_HOST)";
				FRAMEWORK_SEARCH_PATHS = (
					"$(SDKROOT)/Developer/Library/Frameworks",
					"$(inherited)",
				);
				INFOPLIST_FILE = DemoExpandableTableViewControllerTests/Info.plist;
				LD_RUNPATH_SEARCH_PATHS = "$(inherited) @executable_path/Frameworks @loader_path/Frameworks";
				PRODUCT_NAME = "$(TARGET_NAME)";
				TEST_HOST = "$(BUILT_PRODUCTS_DIR)/DemoExpandableTableViewController.app/DemoExpandableTableViewController";
			};
			name = Release;
		};
/* End XCBuildConfiguration section */

/* Begin XCConfigurationList section */
		3FE1BD7E1B8C385D003205FB /* Build configuration list for PBXProject "DemoExpandableTableViewController" */ = {
			isa = XCConfigurationList;
			buildConfigurations = (
				3FE1BDA01B8C385D003205FB /* Debug */,
				3FE1BDA11B8C385D003205FB /* Release */,
			);
			defaultConfigurationIsVisible = 0;
			defaultConfigurationName = Release;
		};
		3FE1BDA21B8C385D003205FB /* Build configuration list for PBXNativeTarget "DemoExpandableTableViewController" */ = {
			isa = XCConfigurationList;
			buildConfigurations = (
				3FE1BDA31B8C385D003205FB /* Debug */,
				3FE1BDA41B8C385D003205FB /* Release */,
			);
			defaultConfigurationIsVisible = 0;
		};
		3FE1BDA51B8C385D003205FB /* Build configuration list for PBXNativeTarget "DemoExpandableTableViewControllerTests" */ = {
			isa = XCConfigurationList;
			buildConfigurations = (
				3FE1BDA61B8C385D003205FB /* Debug */,
				3FE1BDA71B8C385D003205FB /* Release */,
			);
			defaultConfigurationIsVisible = 0;
		};
/* End XCConfigurationList section */
	};
	rootObject = 3FE1BD7B1B8C385D003205FB /* Project object */;
}
